PODS:
  - Bulb (1.0.3)
  - CocoaLumberjack (2.4.0):
    - CocoaLumberjack/Default (= 2.4.0)
    - CocoaLumberjack/Extensions (= 2.4.0)
  - CocoaLumberjack/Core (2.4.0)
  - CocoaLumberjack/Default (2.4.0):
    - CocoaLumberjack/Core
  - CocoaLumberjack/Extensions (2.4.0):
    - CocoaLumberjack/Default
  - GCDWebServer/CocoaLumberjack (3.3.3):
    - CocoaLumberjack (~> 2)
    - GCDWebServer/Core
  - GCDWebServer/Core (3.3.3)
  - GCDWebServer/WebUploader (3.3.3):
    - GCDWebServer/WebUploader/CocoaLumberjack (= 3.3.3)
    - GCDWebServer/WebUploader/Core (= 3.3.3)
  - GCDWebServer/WebUploader/CocoaLumberjack (3.3.3):
    - GCDWebServer/CocoaLumberjack
    - GCDWebServer/WebUploader/Core
  - GCDWebServer/WebUploader/Core (3.3.3):
    - GCDWebServer/Core
  - Masonry (1.0.2)

DEPENDENCIES:
  - Bulb (from `https://github.com/lpniuniu/bulb.git`, branch `master`)
  - GCDWebServer/WebUploader (~> 3.0)
  - Masonry

EXTERNAL SOURCES:
  Bulb:
    :branch: master
    :git: https://github.com/lpniuniu/bulb.git

CHECKOUT OPTIONS:
  Bulb:
    :commit: 0e4bd3d9db9e679a6bfd778b024486f35b5031d5
    :git: https://github.com/lpniuniu/bulb.git

SPEC CHECKSUMS:
  Bulb: c659a6f7f76eacbc98c48d51563f5bbfa3b6c6c5
  CocoaLumberjack: aa9dcab71bdf9eaf2a63bbd9ddc87863efe45457
  GCDWebServer: 1c39a1f0763e4eb492bee021e4270fce097d3555
  Masonry: 7c429b56da9d4ee0bbb3ed77a5ea710d6a5df39e

PODFILE CHECKSUM: 6f1d2acc13d7070dd29aed795efae2e1b8ba7617

COCOAPODS: 1.1.1
